{
  "name": "justinefortier.com-v2",
  "version": "1.0.0",
  "lockfileVersion": 1,
  "requires": true,
  "dependencies": {
    "sal.js": {
      "version": "0.6.2",
      "resolved": "https://registry.npmjs.org/sal.js/-/sal.js-0.6.2.tgz",
      "integrity": "sha512-YukeBnOrhLRoTQH1JvAOLCRVsK7AVNgnuy1L7Qy0dOBeW2cfP72U7hMCfEoQ9nn1KcBCyHaFZm5mfk2s/bQHIA=="
    }
  }
}
