{
  "name": "justinefortier.com-v2",
  "version": "1.0.0",
  "lockfileVersion": 1,
  "requires": true,
  "dependencies": {
    "sal.js": {
      "version": "0.6.3",
      "resolved": "https://registry.npmjs.org/sal.js/-/sal.js-0.6.3.tgz",
      "integrity": "sha512-4iIyN6rmN53EAI8zWIHvqNFyZuM1YKt9Ew5U5zCeyEoDDpPUtnKzebMXagPhzPzw2LwuRBUPhmuypwOqfrFX1Q=="
    }
  }
}
